
Microsoft Visual Studio Solution File, Format Version 12.00
# Visual Studio Version 16
VisualStudioVersion = 16.0.30611.23
MinimumVisualStudioVersion = 10.0.40219.1
Project("{FAE04EC0-301F-11D3-BF4B-00C04F79EFBC}") = "CM_Quizz", "CM_Quizz\CM_Quizz.csproj", "{06EC75FD-DB18-431C-B1A2-4B388D435E01}"
EndProject
Project("{9A19103F-16F7-4668-BE54-9A1E7A4F7556}") = "CM_LinkChecker", "CM_LinkChecker\CM_LinkChecker.csproj", "{DB69AD10-12AC-439D-974D-1DAF682C2905}"
EndProject
Project("{9A19103F-16F7-4668-BE54-9A1E7A4F7556}") = "CM_UnitTest", "CM_UnitTest\CM_UnitTest.csproj", "{2023AE7A-EA73-49AB-A2F8-5649018EEB20}"
	ProjectSection(ProjectDependencies) = postProject
		{06EC75FD-DB18-431C-B1A2-4B388D435E01} = {06EC75FD-DB18-431C-B1A2-4B388D435E01}
	EndProjectSection
EndProject
Global
	GlobalSection(SolutionConfigurationPlatforms) = preSolution
		Debug|Any CPU = Debug|Any CPU
		Release|Any CPU = Release|Any CPU
	EndGlobalSection
	GlobalSection(ProjectConfigurationPlatforms) = postSolution
		{06EC75FD-DB18-431C-B1A2-4B388D435E01}.Debug|Any CPU.ActiveCfg = Debug|Any CPU
		{06EC75FD-DB18-431C-B1A2-4B388D435E01}.Debug|Any CPU.Build.0 = Debug|Any CPU
		{06EC75FD-DB18-431C-B1A2-4B388D435E01}.Release|Any CPU.ActiveCfg = Release|Any CPU
		{06EC75FD-DB18-431C-B1A2-4B388D435E01}.Release|Any CPU.Build.0 = Release|Any CPU
		{DB69AD10-12AC-439D-974D-1DAF682C2905}.Debug|Any CPU.ActiveCfg = Debug|Any CPU
		{DB69AD10-12AC-439D-974D-1DAF682C2905}.Debug|Any CPU.Build.0 = Debug|Any CPU
		{DB69AD10-12AC-439D-974D-1DAF682C2905}.Release|Any CPU.ActiveCfg = Release|Any CPU
		{DB69AD10-12AC-439D-974D-1DAF682C2905}.Release|Any CPU.Build.0 = Release|Any CPU
		{2023AE7A-EA73-49AB-A2F8-5649018EEB20}.Debug|Any CPU.ActiveCfg = Debug|Any CPU
		{2023AE7A-EA73-49AB-A2F8-5649018EEB20}.Debug|Any CPU.Build.0 = Debug|Any CPU
		{2023AE7A-EA73-49AB-A2F8-5649018EEB20}.Release|Any CPU.ActiveCfg = Release|Any CPU
		{2023AE7A-EA73-49AB-A2F8-5649018EEB20}.Release|Any CPU.Build.0 = Release|Any CPU
	EndGlobalSection
	GlobalSection(SolutionProperties) = preSolution
		HideSolutionNode = FALSE
	EndGlobalSection
	GlobalSection(ExtensibilityGlobals) = postSolution
		SolutionGuid = {09D46D05-69E5-4489-AFAB-3B9447DA9316}
	EndGlobalSection
EndGlobal
